
Microsoft Visual Studio Solution File, Format Version 12.00
# Visual Studio Version 17
VisualStudioVersion = 17.0.31903.59
MinimumVisualStudioVersion = 10.0.40219.1
Project("{2150E333-8FDC-42A3-9474-1A3956D46DE8}") = "src", "src", "{96A5FF28-4875-477F-9AF6-173EF015E2CD}"
EndProject
Project("{2150E333-8FDC-42A3-9474-1A3956D46DE8}") = "Libraries", "Libraries", "{1FC433B7-5603-49CD-8301-BF5FD5CFB788}"
EndProject
Project("{2150E333-8FDC-42A3-9474-1A3956D46DE8}") = "Presentation", "Presentation", "{7EB8EB84-4204-4354-8A88-B1CE39E95E8B}"
EndProject
Project("{9A19103F-16F7-4668-BE54-9A1E7A4F7556}") = "WebUI", "src\Presentation\WebUI\WebUI.csproj", "{EC43AEC1-ACA5-45D5-9DEF-A3A60E5C641B}"
EndProject
Project("{9A19103F-16F7-4668-BE54-9A1E7A4F7556}") = "Infrastructure", "src\Libraries\Infrastructure\Infrastructure.csproj", "{CC35BD28-E807-42C2-BF28-BB6B7C040AD8}"
EndProject
Project("{9A19103F-16F7-4668-BE54-9A1E7A4F7556}") = "Framework", "src\Presentation\Framework\Framework.csproj", "{A41AF868-1976-42AA-8433-EFF24970E25B}"
EndProject
Project("{9A19103F-16F7-4668-BE54-9A1E7A4F7556}") = "Application", "src\Libraries\Application\Application.csproj", "{C02535B1-E8F1-47D5-BA66-3BE78E78F179}"
EndProject
Project("{9A19103F-16F7-4668-BE54-9A1E7A4F7556}") = "Domain", "src\Libraries\Domain\Domain.csproj", "{50266C21-AB94-4A63-9354-4FDF9B84176B}"
EndProject
Project("{2150E333-8FDC-42A3-9474-1A3956D46DE8}") = "tests", "tests", "{A40EC569-3FB9-4C78-A943-E7401CF5738F}"
EndProject
Project("{9A19103F-16F7-4668-BE54-9A1E7A4F7556}") = "UnitTests", "tests\UnitTests\UnitTests.csproj", "{17ED6E28-BF4A-40C3-A931-0B44C55BE07D}"
EndProject
Project("{9A19103F-16F7-4668-BE54-9A1E7A4F7556}") = "WebApi", "src\Presentation\WebApi\WebApi.csproj", "{EAF5B50A-BA37-4D8E-9C65-01008C9CDF03}"
EndProject
Project("{2150E333-8FDC-42A3-9474-1A3956D46DE8}") = "Solution Items", "Solution Items", "{C01E5377-D95C-4E7B-B334-2D5FAE1A0E0B}"
	ProjectSection(SolutionItems) = preProject
		.dockerignore = .dockerignore
		.gitignore = .gitignore
		docker-compose.yml = docker-compose.yml
		LICENSE = LICENSE
		README.md = README.md
	EndProjectSection
EndProject
Global
	GlobalSection(SolutionConfigurationPlatforms) = preSolution
		Debug|Any CPU = Debug|Any CPU
		Release|Any CPU = Release|Any CPU
	EndGlobalSection
	GlobalSection(ProjectConfigurationPlatforms) = postSolution
		{EC43AEC1-ACA5-45D5-9DEF-A3A60E5C641B}.Debug|Any CPU.ActiveCfg = Debug|Any CPU
		{EC43AEC1-ACA5-45D5-9DEF-A3A60E5C641B}.Debug|Any CPU.Build.0 = Debug|Any CPU
		{EC43AEC1-ACA5-45D5-9DEF-A3A60E5C641B}.Release|Any CPU.ActiveCfg = Release|Any CPU
		{EC43AEC1-ACA5-45D5-9DEF-A3A60E5C641B}.Release|Any CPU.Build.0 = Release|Any CPU
		{CC35BD28-E807-42C2-BF28-BB6B7C040AD8}.Debug|Any CPU.ActiveCfg = Debug|Any CPU
		{CC35BD28-E807-42C2-BF28-BB6B7C040AD8}.Debug|Any CPU.Build.0 = Debug|Any CPU
		{CC35BD28-E807-42C2-BF28-BB6B7C040AD8}.Release|Any CPU.ActiveCfg = Release|Any CPU
		{CC35BD28-E807-42C2-BF28-BB6B7C040AD8}.Release|Any CPU.Build.0 = Release|Any CPU
		{A41AF868-1976-42AA-8433-EFF24970E25B}.Debug|Any CPU.ActiveCfg = Debug|Any CPU
		{A41AF868-1976-42AA-8433-EFF24970E25B}.Debug|Any CPU.Build.0 = Debug|Any CPU
		{A41AF868-1976-42AA-8433-EFF24970E25B}.Release|Any CPU.ActiveCfg = Release|Any CPU
		{A41AF868-1976-42AA-8433-EFF24970E25B}.Release|Any CPU.Build.0 = Release|Any CPU
		{C02535B1-E8F1-47D5-BA66-3BE78E78F179}.Debug|Any CPU.ActiveCfg = Debug|Any CPU
		{C02535B1-E8F1-47D5-BA66-3BE78E78F179}.Debug|Any CPU.Build.0 = Debug|Any CPU
		{C02535B1-E8F1-47D5-BA66-3BE78E78F179}.Release|Any CPU.ActiveCfg = Release|Any CPU
		{C02535B1-E8F1-47D5-BA66-3BE78E78F179}.Release|Any CPU.Build.0 = Release|Any CPU
		{50266C21-AB94-4A63-9354-4FDF9B84176B}.Debug|Any CPU.ActiveCfg = Debug|Any CPU
		{50266C21-AB94-4A63-9354-4FDF9B84176B}.Debug|Any CPU.Build.0 = Debug|Any CPU
		{50266C21-AB94-4A63-9354-4FDF9B84176B}.Release|Any CPU.ActiveCfg = Release|Any CPU
		{50266C21-AB94-4A63-9354-4FDF9B84176B}.Release|Any CPU.Build.0 = Release|Any CPU
		{17ED6E28-BF4A-40C3-A931-0B44C55BE07D}.Debug|Any CPU.ActiveCfg = Debug|Any CPU
		{17ED6E28-BF4A-40C3-A931-0B44C55BE07D}.Debug|Any CPU.Build.0 = Debug|Any CPU
		{17ED6E28-BF4A-40C3-A931-0B44C55BE07D}.Release|Any CPU.ActiveCfg = Release|Any CPU
		{17ED6E28-BF4A-40C3-A931-0B44C55BE07D}.Release|Any CPU.Build.0 = Release|Any CPU
		{EAF5B50A-BA37-4D8E-9C65-01008C9CDF03}.Debug|Any CPU.ActiveCfg = Debug|Any CPU
		{EAF5B50A-BA37-4D8E-9C65-01008C9CDF03}.Debug|Any CPU.Build.0 = Debug|Any CPU
		{EAF5B50A-BA37-4D8E-9C65-01008C9CDF03}.Release|Any CPU.ActiveCfg = Release|Any CPU
		{EAF5B50A-BA37-4D8E-9C65-01008C9CDF03}.Release|Any CPU.Build.0 = Release|Any CPU
	EndGlobalSection
	GlobalSection(SolutionProperties) = preSolution
		HideSolutionNode = FALSE
	EndGlobalSection
	GlobalSection(NestedProjects) = preSolution
		{1FC433B7-5603-49CD-8301-BF5FD5CFB788} = {96A5FF28-4875-477F-9AF6-173EF015E2CD}
		{7EB8EB84-4204-4354-8A88-B1CE39E95E8B} = {96A5FF28-4875-477F-9AF6-173EF015E2CD}
		{EC43AEC1-ACA5-45D5-9DEF-A3A60E5C641B} = {7EB8EB84-4204-4354-8A88-B1CE39E95E8B}
		{CC35BD28-E807-42C2-BF28-BB6B7C040AD8} = {1FC433B7-5603-49CD-8301-BF5FD5CFB788}
		{A41AF868-1976-42AA-8433-EFF24970E25B} = {7EB8EB84-4204-4354-8A88-B1CE39E95E8B}
		{C02535B1-E8F1-47D5-BA66-3BE78E78F179} = {1FC433B7-5603-49CD-8301-BF5FD5CFB788}
		{50266C21-AB94-4A63-9354-4FDF9B84176B} = {1FC433B7-5603-49CD-8301-BF5FD5CFB788}
		{17ED6E28-BF4A-40C3-A931-0B44C55BE07D} = {A40EC569-3FB9-4C78-A943-E7401CF5738F}
		{EAF5B50A-BA37-4D8E-9C65-01008C9CDF03} = {7EB8EB84-4204-4354-8A88-B1CE39E95E8B}
	EndGlobalSection
	GlobalSection(ExtensibilityGlobals) = postSolution
		SolutionGuid = {4B78A661-D3A9-4065-B7B4-09BE017E96EF}
	EndGlobalSection
EndGlobal
